
Microsoft Visual Studio Solution File, Format Version 12.00
# Visual Studio Version 17
VisualStudioVersion = 17.7.33927.210
MinimumVisualStudioVersion = 10.0.40219.1
Project("{FAE04EC0-301F-11D3-BF4B-00C04F79EFBC}") = "OracleConnect", "OracleConnect\OracleConnect.csproj", "{EBF0C726-CC5E-4FC6-A055-07F6E878ECF7}"
EndProject
Global
	GlobalSection(SolutionConfigurationPlatforms) = preSolution
		Debug|Any CPU = Debug|Any CPU
		Release|Any CPU = Release|Any CPU
	EndGlobalSection
	GlobalSection(ProjectConfigurationPlatforms) = postSolution
		{EBF0C726-CC5E-4FC6-A055-07F6E878ECF7}.Debug|Any CPU.ActiveCfg = Debug|Any CPU
		{EBF0C726-CC5E-4FC6-A055-07F6E878ECF7}.Debug|Any CPU.Build.0 = Debug|Any CPU
		{EBF0C726-CC5E-4FC6-A055-07F6E878ECF7}.Release|Any CPU.ActiveCfg = Release|Any CPU
		{EBF0C726-CC5E-4FC6-A055-07F6E878ECF7}.Release|Any CPU.Build.0 = Release|Any CPU
	EndGlobalSection
	GlobalSection(SolutionProperties) = preSolution
		HideSolutionNode = FALSE
	EndGlobalSection
	GlobalSection(ExtensibilityGlobals) = postSolution
		SolutionGuid = {5A041272-7FCD-41F3-A2C4-BC92DA4375C7}
	EndGlobalSection
EndGlobal
